// !$*UTF8*$!
{
	archiveVersion = 1;
	classes = {
	};
	objectVersion = 48;
	objects = {

/* Begin PBXBuildFile section */
		8230F722C0831AF7504ECE68 /* Pods_Smack_App_New.framework in Frameworks */ = {isa = PBXBuildFile; fileRef = 09C4D24066E3A6297F4E98FB /* Pods_Smack_App_New.framework */; };
		FC1429EA1F573F60002869B8 /* AppDelegate.swift in Sources */ = {isa = PBXBuildFile; fileRef = FC1429E91F573F60002869B8 /* AppDelegate.swift */; };
		FC1429EF1F573F60002869B8 /* Main.storyboard in Resources */ = {isa = PBXBuildFile; fileRef = FC1429ED1F573F60002869B8 /* Main.storyboard */; };
		FC1429F11F573F60002869B8 /* Assets.xcassets in Resources */ = {isa = PBXBuildFile; fileRef = FC1429F01F573F60002869B8 /* Assets.xcassets */; };
		FC1429F41F573F60002869B8 /* LaunchScreen.storyboard in Resources */ = {isa = PBXBuildFile; fileRef = FC1429F21F573F60002869B8 /* LaunchScreen.storyboard */; };
		FC142A051F57448C002869B8 /* ChatVC.swift in Sources */ = {isa = PBXBuildFile; fileRef = FC142A041F57448C002869B8 /* ChatVC.swift */; };
		FC142A071F57449B002869B8 /* ChannelVC.swift in Sources */ = {isa = PBXBuildFile; fileRef = FC142A061F57449B002869B8 /* ChannelVC.swift */; };
		FC142A081F574776002869B8 /* SWRevealViewController.m in Sources */ = {isa = PBXBuildFile; fileRef = FC1429FF1F573FEE002869B8 /* SWRevealViewController.m */; };
		FC142A0A1F575354002869B8 /* GradientView.swift in Sources */ = {isa = PBXBuildFile; fileRef = FC142A091F575354002869B8 /* GradientView.swift */; };
		FC142A0E1F576596002869B8 /* Constants.swift in Sources */ = {isa = PBXBuildFile; fileRef = FC142A0D1F576596002869B8 /* Constants.swift */; };
		FC142A101F576B7E002869B8 /* LoginVC.swift in Sources */ = {isa = PBXBuildFile; fileRef = FC142A0F1F576B7E002869B8 /* LoginVC.swift */; };
		FC142A121F57A665002869B8 /* CreateAccountVC.swift in Sources */ = {isa = PBXBuildFile; fileRef = FC142A111F57A665002869B8 /* CreateAccountVC.swift */; };
		FCAC6B351F59DAA700998F84 /* AuthService.swift in Sources */ = {isa = PBXBuildFile; fileRef = FCAC6B341F59DAA700998F84 /* AuthService.swift */; };
		FCAC6B371F5A400100998F84 /* RoundedButton.swift in Sources */ = {isa = PBXBuildFile; fileRef = FCAC6B361F5A400100998F84 /* RoundedButton.swift */; };
/* End PBXBuildFile section */

/* Begin PBXFileReference section */
		09C4D24066E3A6297F4E98FB /* Pods_Smack_App_New.framework */ = {isa = PBXFileReference; explicitFileType = wrapper.framework; includeInIndex = 0; path = Pods_Smack_App_New.framework; sourceTree = BUILT_PRODUCTS_DIR; };
		326CBDCDBC0B57416381C233 /* Pods-Smack-App-New.release.xcconfig */ = {isa = PBXFileReference; includeInIndex = 1; lastKnownFileType = text.xcconfig; name = "Pods-Smack-App-New.release.xcconfig"; path = "Pods/Target Support Files/Pods-Smack-App-New/Pods-Smack-App-New.release.xcconfig"; sourceTree = "<group>"; };
		5EF70437509B978DBC5DE124 /* Pods-Smack-App-New.debug.xcconfig */ = {isa = PBXFileReference; includeInIndex = 1; lastKnownFileType = text.xcconfig; name = "Pods-Smack-App-New.debug.xcconfig"; path = "Pods/Target Support Files/Pods-Smack-App-New/Pods-Smack-App-New.debug.xcconfig"; sourceTree = "<group>"; };
		FC1429E61F573F60002869B8 /* Smack-App-New.app */ = {isa = PBXFileReference; explicitFileType = wrapper.application; includeInIndex = 0; path = "Smack-App-New.app"; sourceTree = BUILT_PRODUCTS_DIR; };
		FC1429E91F573F60002869B8 /* AppDelegate.swift */ = {isa = PBXFileReference; lastKnownFileType = sourcecode.swift; path = AppDelegate.swift; sourceTree = "<group>"; };
		FC1429EE1F573F60002869B8 /* Base */ = {isa = PBXFileReference; lastKnownFileType = file.storyboard; name = Base; path = Base.lproj/Main.storyboard; sourceTree = "<group>"; };
		FC1429F01F573F60002869B8 /* Assets.xcassets */ = {isa = PBXFileReference; lastKnownFileType = folder.assetcatalog; path = Assets.xcassets; sourceTree = "<group>"; };
		FC1429F31F573F60002869B8 /* Base */ = {isa = PBXFileReference; lastKnownFileType = file.storyboard; name = Base; path = Base.lproj/LaunchScreen.storyboard; sourceTree = "<group>"; };
		FC1429F51F573F60002869B8 /* Info.plist */ = {isa = PBXFileReference; lastKnownFileType = text.plist.xml; path = Info.plist; sourceTree = "<group>"; };
		FC1429FE1F573FED002869B8 /* Smack-App-New-Bridging-Header.h */ = {isa = PBXFileReference; lastKnownFileType = sourcecode.c.h; path = "Smack-App-New-Bridging-Header.h"; sourceTree = "<group>"; };
		FC1429FF1F573FEE002869B8 /* SWRevealViewController.m */ = {isa = PBXFileReference; lastKnownFileType = sourcecode.c.objc; path = SWRevealViewController.m; sourceTree = "<group>"; };
		FC142A001F573FEE002869B8 /* SWRevealViewController.h */ = {isa = PBXFileReference; lastKnownFileType = sourcecode.c.h; path = SWRevealViewController.h; sourceTree = "<group>"; };
		FC142A041F57448C002869B8 /* ChatVC.swift */ = {isa = PBXFileReference; lastKnownFileType = sourcecode.swift; path = ChatVC.swift; sourceTree = "<group>"; };
		FC142A061F57449B002869B8 /* ChannelVC.swift */ = {isa = PBXFileReference; lastKnownFileType = sourcecode.swift; path = ChannelVC.swift; sourceTree = "<group>"; };
		FC142A091F575354002869B8 /* GradientView.swift */ = {isa = PBXFileReference; lastKnownFileType = sourcecode.swift; path = GradientView.swift; sourceTree = "<group>"; };
		FC142A0D1F576596002869B8 /* Constants.swift */ = {isa = PBXFileReference; lastKnownFileType = sourcecode.swift; path = Constants.swift; sourceTree = "<group>"; };
		FC142A0F1F576B7E002869B8 /* LoginVC.swift */ = {isa = PBXFileReference; lastKnownFileType = sourcecode.swift; path = LoginVC.swift; sourceTree = "<group>"; };
		FC142A111F57A665002869B8 /* CreateAccountVC.swift */ = {isa = PBXFileReference; lastKnownFileType = sourcecode.swift; path = CreateAccountVC.swift; sourceTree = "<group>"; };
		FCAC6B341F59DAA700998F84 /* AuthService.swift */ = {isa = PBXFileReference; lastKnownFileType = sourcecode.swift; path = AuthService.swift; sourceTree = "<group>"; };
		FCAC6B361F5A400100998F84 /* RoundedButton.swift */ = {isa = PBXFileReference; lastKnownFileType = sourcecode.swift; path = RoundedButton.swift; sourceTree = "<group>"; };
/* End PBXFileReference section */

/* Begin PBXFrameworksBuildPhase section */
		FC1429E31F573F60002869B8 /* Frameworks */ = {
			isa = PBXFrameworksBuildPhase;
			buildActionMask = 2147483647;
			files = (
				8230F722C0831AF7504ECE68 /* Pods_Smack_App_New.framework in Frameworks */,
			);
			runOnlyForDeploymentPostprocessing = 0;
		};
/* End PBXFrameworksBuildPhase section */

/* Begin PBXGroup section */
		ABFD252C436CDC967B71E8E7 /* Pods */ = {
			isa = PBXGroup;
			children = (
				5EF70437509B978DBC5DE124 /* Pods-Smack-App-New.debug.xcconfig */,
				326CBDCDBC0B57416381C233 /* Pods-Smack-App-New.release.xcconfig */,
			);
			name = Pods;
			sourceTree = "<group>";
		};
		EB689BC85ABFAC47C58C5C2C /* Frameworks */ = {
			isa = PBXGroup;
			children = (
				09C4D24066E3A6297F4E98FB /* Pods_Smack_App_New.framework */,
			);
			name = Frameworks;
			sourceTree = "<group>";
		};
		FC1429DD1F573F60002869B8 = {
			isa = PBXGroup;
			children = (
				FC1429E81F573F60002869B8 /* Smack-App-New */,
				FC1429E71F573F60002869B8 /* Products */,
				ABFD252C436CDC967B71E8E7 /* Pods */,
				EB689BC85ABFAC47C58C5C2C /* Frameworks */,
			);
			sourceTree = "<group>";
		};
		FC1429E71F573F60002869B8 /* Products */ = {
			isa = PBXGroup;
			children = (
				FC1429E61F573F60002869B8 /* Smack-App-New.app */,
			);
			name = Products;
			sourceTree = "<group>";
		};
		FC1429E81F573F60002869B8 /* Smack-App-New */ = {
			isa = PBXGroup;
			children = (
				FCAC6B331F59DA9200998F84 /* Services */,
				FC142A0C1F576582002869B8 /* Utilities */,
				FC142A031F57446A002869B8 /* Model */,
				FC142A021F574464002869B8 /* View */,
				FC142A011F574459002869B8 /* Controller */,
				FC1429FD1F573FB9002869B8 /* Supported Files */,
				FC1429E91F573F60002869B8 /* AppDelegate.swift */,
				FC1429ED1F573F60002869B8 /* Main.storyboard */,
				FC1429F01F573F60002869B8 /* Assets.xcassets */,
				FC1429F21F573F60002869B8 /* LaunchScreen.storyboard */,
				FC1429F51F573F60002869B8 /* Info.plist */,
			);
			path = "Smack-App-New";
			sourceTree = "<group>";
		};
		FC1429FD1F573FB9002869B8 /* Supported Files */ = {
			isa = PBXGroup;
			children = (
				FC142A001F573FEE002869B8 /* SWRevealViewController.h */,
				FC1429FF1F573FEE002869B8 /* SWRevealViewController.m */,
				FC1429FE1F573FED002869B8 /* Smack-App-New-Bridging-Header.h */,
			);
			path = "Supported Files";
			sourceTree = "<group>";
		};
		FC142A011F574459002869B8 /* Controller */ = {
			isa = PBXGroup;
			children = (
				FC142A041F57448C002869B8 /* ChatVC.swift */,
				FC142A061F57449B002869B8 /* ChannelVC.swift */,
				FC142A0F1F576B7E002869B8 /* LoginVC.swift */,
				FC142A111F57A665002869B8 /* CreateAccountVC.swift */,
			);
			path = Controller;
			sourceTree = "<group>";
		};
		FC142A021F574464002869B8 /* View */ = {
			isa = PBXGroup;
			children = (
				FC142A091F575354002869B8 /* GradientView.swift */,
				FCAC6B361F5A400100998F84 /* RoundedButton.swift */,
			);
			path = View;
			sourceTree = "<group>";
		};
		FC142A031F57446A002869B8 /* Model */ = {
			isa = PBXGroup;
			children = (
			);
			path = Model;
			sourceTree = "<group>";
		};
		FC142A0C1F576582002869B8 /* Utilities */ = {
			isa = PBXGroup;
			children = (
				FC142A0D1F576596002869B8 /* Constants.swift */,
			);
			path = Utilities;
			sourceTree = "<group>";
		};
		FCAC6B331F59DA9200998F84 /* Services */ = {
			isa = PBXGroup;
			children = (
				FCAC6B341F59DAA700998F84 /* AuthService.swift */,
			);
			path = Services;
			sourceTree = "<group>";
		};
/* End PBXGroup section */

/* Begin PBXNativeTarget section */
		FC1429E51F573F60002869B8 /* Smack-App-New */ = {
			isa = PBXNativeTarget;
			buildConfigurationList = FC1429F81F573F60002869B8 /* Build configuration list for PBXNativeTarget "Smack-App-New" */;
			buildPhases = (
				2D2292AF46D5CB1A107390C3 /* [CP] Check Pods Manifest.lock */,
				FC1429E21F573F60002869B8 /* Sources */,
				FC1429E31F573F60002869B8 /* Frameworks */,
				FC1429E41F573F60002869B8 /* Resources */,
				AD0B4FD1C8E0A2A38CA9FDCF /* [CP] Embed Pods Frameworks */,
				C68225E04B84FEED50B27D90 /* [CP] Copy Pods Resources */,
			);
			buildRules = (
			);
			dependencies = (
			);
			name = "Smack-App-New";
			productName = "Smack-App-New";
			productReference = FC1429E61F573F60002869B8 /* Smack-App-New.app */;
			productType = "com.apple.product-type.application";
		};
/* End PBXNativeTarget section */

/* Begin PBXProject section */
		FC1429DE1F573F60002869B8 /* Project object */ = {
			isa = PBXProject;
			attributes = {
				LastSwiftUpdateCheck = 0900;
				LastUpgradeCheck = 0900;
				ORGANIZATIONNAME = "Ariel Chouminov";
				TargetAttributes = {
					FC1429E51F573F60002869B8 = {
						CreatedOnToolsVersion = 9.0;
						LastSwiftMigration = 0900;
						ProvisioningStyle = Automatic;
					};
				};
			};
			buildConfigurationList = FC1429E11F573F60002869B8 /* Build configuration list for PBXProject "Smack-App-New" */;
			compatibilityVersion = "Xcode 8.0";
			developmentRegion = en;
			hasScannedForEncodings = 0;
			knownRegions = (
				en,
				Base,
			);
			mainGroup = FC1429DD1F573F60002869B8;
			productRefGroup = FC1429E71F573F60002869B8 /* Products */;
			projectDirPath = "";
			projectRoot = "";
			targets = (
				FC1429E51F573F60002869B8 /* Smack-App-New */,
			);
		};
/* End PBXProject section */

/* Begin PBXResourcesBuildPhase section */
		FC1429E41F573F60002869B8 /* Resources */ = {
			isa = PBXResourcesBuildPhase;
			buildActionMask = 2147483647;
			files = (
				FC1429F41F573F60002869B8 /* LaunchScreen.storyboard in Resources */,
				FC1429F11F573F60002869B8 /* Assets.xcassets in Resources */,
				FC1429EF1F573F60002869B8 /* Main.storyboard in Resources */,
			);
			runOnlyForDeploymentPostprocessing = 0;
		};
/* End PBXResourcesBuildPhase section */

/* Begin PBXShellScriptBuildPhase section */
		2D2292AF46D5CB1A107390C3 /* [CP] Check Pods Manifest.lock */ = {
			isa = PBXShellScriptBuildPhase;
			buildActionMask = 2147483647;
			files = (
			);
			inputPaths = (
			);
			name = "[CP] Check Pods Manifest.lock";
			outputPaths = (
			);
			runOnlyForDeploymentPostprocessing = 0;
			shellPath = /bin/sh;
			shellScript = "diff \"${PODS_ROOT}/../Podfile.lock\" \"${PODS_ROOT}/Manifest.lock\" > /dev/null\nif [ $? != 0 ] ; then\n    # print error to STDERR\n    echo \"error: The sandbox is not in sync with the Podfile.lock. Run 'pod install' or update your CocoaPods installation.\" >&2\n    exit 1\nfi\n";
			showEnvVarsInLog = 0;
		};
		AD0B4FD1C8E0A2A38CA9FDCF /* [CP] Embed Pods Frameworks */ = {
			isa = PBXShellScriptBuildPhase;
			buildActionMask = 2147483647;
			files = (
			);
			inputPaths = (
			);
			name = "[CP] Embed Pods Frameworks";
			outputPaths = (
			);
			runOnlyForDeploymentPostprocessing = 0;
			shellPath = /bin/sh;
			shellScript = "\"${SRCROOT}/Pods/Target Support Files/Pods-Smack-App-New/Pods-Smack-App-New-frameworks.sh\"\n";
			showEnvVarsInLog = 0;
		};
		C68225E04B84FEED50B27D90 /* [CP] Copy Pods Resources */ = {
			isa = PBXShellScriptBuildPhase;
			buildActionMask = 2147483647;
			files = (
			);
			inputPaths = (
			);
			name = "[CP] Copy Pods Resources";
			outputPaths = (
			);
			runOnlyForDeploymentPostprocessing = 0;
			shellPath = /bin/sh;
			shellScript = "\"${SRCROOT}/Pods/Target Support Files/Pods-Smack-App-New/Pods-Smack-App-New-resources.sh\"\n";
			showEnvVarsInLog = 0;
		};
/* End PBXShellScriptBuildPhase section */

/* Begin PBXSourcesBuildPhase section */
		FC1429E21F573F60002869B8 /* Sources */ = {
			isa = PBXSourcesBuildPhase;
			buildActionMask = 2147483647;
			files = (
				FC142A051F57448C002869B8 /* ChatVC.swift in Sources */,
				FCAC6B371F5A400100998F84 /* RoundedButton.swift in Sources */,
				FC142A071F57449B002869B8 /* ChannelVC.swift in Sources */,
				FC142A121F57A665002869B8 /* CreateAccountVC.swift in Sources */,
				FCAC6B351F59DAA700998F84 /* AuthService.swift in Sources */,
				FC142A101F576B7E002869B8 /* LoginVC.swift in Sources */,
				FC142A0A1F575354002869B8 /* GradientView.swift in Sources */,
				FC1429EA1F573F60002869B8 /* AppDelegate.swift in Sources */,
				FC142A081F574776002869B8 /* SWRevealViewController.m in Sources */,
				FC142A0E1F576596002869B8 /* Constants.swift in Sources */,
			);
			runOnlyForDeploymentPostprocessing = 0;
		};
/* End PBXSourcesBuildPhase section */

/* Begin PBXVariantGroup section */
		FC1429ED1F573F60002869B8 /* Main.storyboard */ = {
			isa = PBXVariantGroup;
			children = (
				FC1429EE1F573F60002869B8 /* Base */,
			);
			name = Main.storyboard;
			sourceTree = "<group>";
		};
		FC1429F21F573F60002869B8 /* LaunchScreen.storyboard */ = {
			isa = PBXVariantGroup;
			children = (
				FC1429F31F573F60002869B8 /* Base */,
			);
			name = LaunchScreen.storyboard;
			sourceTree = "<group>";
		};
/* End PBXVariantGroup section */

/* Begin XCBuildConfiguration section */
		FC1429F61F573F60002869B8 /* Debug */ = {
			isa = XCBuildConfiguration;
			buildSettings = {
				ALWAYS_SEARCH_USER_PATHS = NO;
				CLANG_ANALYZER_NONNULL = YES;
				CLANG_ANALYZER_NUMBER_OBJECT_CONVERSION = YES_AGGRESSIVE;
				CLANG_CXX_LANGUAGE_STANDARD = "gnu++14";
				CLANG_CXX_LIBRARY = "libc++";
				CLANG_ENABLE_MODULES = YES;
				CLANG_ENABLE_OBJC_ARC = YES;
				CLANG_WARN_BLOCK_CAPTURE_AUTORELEASING = YES;
				CLANG_WARN_BOOL_CONVERSION = YES;
				CLANG_WARN_COMMA = YES;
				CLANG_WARN_CONSTANT_CONVERSION = YES;
				CLANG_WARN_DIRECT_OBJC_ISA_USAGE = YES_ERROR;
				CLANG_WARN_DOCUMENTATION_COMMENTS = YES;
				CLANG_WARN_EMPTY_BODY = YES;
				CLANG_WARN_ENUM_CONVERSION = YES;
				CLANG_WARN_INFINITE_RECURSION = YES;
				CLANG_WARN_INT_CONVERSION = YES;
				CLANG_WARN_NON_LITERAL_NULL_CONVERSION = YES;
				CLANG_WARN_OBJC_LITERAL_CONVERSION = YES;
				CLANG_WARN_OBJC_ROOT_CLASS = YES_ERROR;
				CLANG_WARN_RANGE_LOOP_ANALYSIS = YES;
				CLANG_WARN_STRICT_PROTOTYPES = YES;
				CLANG_WARN_SUSPICIOUS_MOVE = YES;
				CLANG_WARN_UNGUARDED_AVAILABILITY = YES_AGGRESSIVE;
				CLANG_WARN_UNREACHABLE_CODE = YES;
				CLANG_WARN__DUPLICATE_METHOD_MATCH = YES;
				CODE_SIGN_IDENTITY = "iPhone Developer";
				COPY_PHASE_STRIP = NO;
				DEBUG_INFORMATION_FORMAT = dwarf;
				ENABLE_STRICT_OBJC_MSGSEND = YES;
				ENABLE_TESTABILITY = YES;
				GCC_C_LANGUAGE_STANDARD = gnu11;
				GCC_DYNAMIC_NO_PIC = NO;
				GCC_NO_COMMON_BLOCKS = YES;
				GCC_OPTIMIZATION_LEVEL = 0;
				GCC_PREPROCESSOR_DEFINITIONS = (
					"DEBUG=1",
					"$(inherited)",
				);
				GCC_WARN_64_TO_32_BIT_CONVERSION = YES;
				GCC_WARN_ABOUT_RETURN_TYPE = YES_ERROR;
				GCC_WARN_UNDECLARED_SELECTOR = YES;
				GCC_WARN_UNINITIALIZED_AUTOS = YES_AGGRESSIVE;
				GCC_WARN_UNUSED_FUNCTION = YES;
				GCC_WARN_UNUSED_VARIABLE = YES;
				IPHONEOS_DEPLOYMENT_TARGET = 11.0;
				MTL_ENABLE_DEBUG_INFO = YES;
				ONLY_ACTIVE_ARCH = YES;
				SDKROOT = iphoneos;
				SWIFT_ACTIVE_COMPILATION_CONDITIONS = DEBUG;
				SWIFT_OPTIMIZATION_LEVEL = "-Onone";
			};
			name = Debug;
		};
		FC1429F71F573F60002869B8 /* Release */ = {
			isa = XCBuildConfiguration;
			buildSettings = {
				ALWAYS_SEARCH_USER_PATHS = NO;
				CLANG_ANALYZER_NONNULL = YES;
				CLANG_ANALYZER_NUMBER_OBJECT_CONVERSION = YES_AGGRESSIVE;
				CLANG_CXX_LANGUAGE_STANDARD = "gnu++14";
				CLANG_CXX_LIBRARY = "libc++";
				CLANG_ENABLE_MODULES = YES;
				CLANG_ENABLE_OBJC_ARC = YES;
				CLANG_WARN_BLOCK_CAPTURE_AUTORELEASING = YES;
				CLANG_WARN_BOOL_CONVERSION = YES;
				CLANG_WARN_COMMA = YES;
				CLANG_WARN_CONSTANT_CONVERSION = YES;
				CLANG_WARN_DIRECT_OBJC_ISA_USAGE = YES_ERROR;
				CLANG_WARN_DOCUMENTATION_COMMENTS = YES;
				CLANG_WARN_EMPTY_BODY = YES;
				CLANG_WARN_ENUM_CONVERSION = YES;
				CLANG_WARN_INFINITE_RECURSION = YES;
				CLANG_WARN_INT_CONVERSION = YES;
				CLANG_WARN_NON_LITERAL_NULL_CONVERSION = YES;
				CLANG_WARN_OBJC_LITERAL_CONVERSION = YES;
				CLANG_WARN_OBJC_ROOT_CLASS = YES_ERROR;
				CLANG_WARN_RANGE_LOOP_ANALYSIS = YES;
				CLANG_WARN_STRICT_PROTOTYPES = YES;
				CLANG_WARN_SUSPICIOUS_MOVE = YES;
				CLANG_WARN_UNGUARDED_AVAILABILITY = YES_AGGRESSIVE;
				CLANG_WARN_UNREACHABLE_CODE = YES;
				CLANG_WARN__DUPLICATE_METHOD_MATCH = YES;
				CODE_SIGN_IDENTITY = "iPhone Developer";
				COPY_PHASE_STRIP = NO;
				DEBUG_INFORMATION_FORMAT = "dwarf-with-dsym";
				ENABLE_NS_ASSERTIONS = NO;
				ENABLE_STRICT_OBJC_MSGSEND = YES;
				GCC_C_LANGUAGE_STANDARD = gnu11;
				GCC_NO_COMMON_BLOCKS = YES;
				GCC_WARN_64_TO_32_BIT_CONVERSION = YES;
				GCC_WARN_ABOUT_RETURN_TYPE = YES_ERROR;
				GCC_WARN_UNDECLARED_SELECTOR = YES;
				GCC_WARN_UNINITIALIZED_AUTOS = YES_AGGRESSIVE;
				GCC_WARN_UNUSED_FUNCTION = YES;
				GCC_WARN_UNUSED_VARIABLE = YES;
				IPHONEOS_DEPLOYMENT_TARGET = 11.0;
				MTL_ENABLE_DEBUG_INFO = NO;
				SDKROOT = iphoneos;
				SWIFT_OPTIMIZATION_LEVEL = "-Owholemodule";
				VALIDATE_PRODUCT = YES;
			};
			name = Release;
		};
		FC1429F91F573F60002869B8 /* Debug */ = {
			isa = XCBuildConfiguration;
			baseConfigurationReference = 5EF70437509B978DBC5DE124 /* Pods-Smack-App-New.debug.xcconfig */;
			buildSettings = {
				ASSETCATALOG_COMPILER_APPICON_NAME = AppIcon;
				CLANG_ENABLE_MODULES = YES;
				CODE_SIGN_STYLE = Automatic;
				INFOPLIST_FILE = "Smack-App-New/Info.plist";
				LD_RUNPATH_SEARCH_PATHS = "$(inherited) @executable_path/Frameworks";
				PRODUCT_BUNDLE_IDENTIFIER = "com.example.Smack-App-New";
				PRODUCT_NAME = "$(TARGET_NAME)";
				SWIFT_OBJC_BRIDGING_HEADER = "Smack-App-New/Supported Files/Smack-App-New-Bridging-Header.h";
				SWIFT_OPTIMIZATION_LEVEL = "-Onone";
				SWIFT_VERSION = 4.0;
				TARGETED_DEVICE_FAMILY = "1,2";
			};
			name = Debug;
		};
		FC1429FA1F573F60002869B8 /* Release */ = {
			isa = XCBuildConfiguration;
			baseConfigurationReference = 326CBDCDBC0B57416381C233 /* Pods-Smack-App-New.release.xcconfig */;
			buildSettings = {
				ASSETCATALOG_COMPILER_APPICON_NAME = AppIcon;
				CLANG_ENABLE_MODULES = YES;
				CODE_SIGN_STYLE = Automatic;
				INFOPLIST_FILE = "Smack-App-New/Info.plist";
				LD_RUNPATH_SEARCH_PATHS = "$(inherited) @executable_path/Frameworks";
				PRODUCT_BUNDLE_IDENTIFIER = "com.example.Smack-App-New";
				PRODUCT_NAME = "$(TARGET_NAME)";
				SWIFT_OBJC_BRIDGING_HEADER = "Smack-App-New/Supported Files/Smack-App-New-Bridging-Header.h";
				SWIFT_VERSION = 4.0;
				TARGETED_DEVICE_FAMILY = "1,2";
			};
			name = Release;
		};
/* End XCBuildConfiguration section */

/* Begin XCConfigurationList section */
		FC1429E11F573F60002869B8 /* Build configuration list for PBXProject "Smack-App-New" */ = {
			isa = XCConfigurationList;
			buildConfigurations = (
				FC1429F61F573F60002869B8 /* Debug */,
				FC1429F71F573F60002869B8 /* Release */,
			);
			defaultConfigurationIsVisible = 0;
			defaultConfigurationName = Release;
		};
		FC1429F81F573F60002869B8 /* Build configuration list for PBXNativeTarget "Smack-App-New" */ = {
			isa = XCConfigurationList;
			buildConfigurations = (
				FC1429F91F573F60002869B8 /* Debug */,
				FC1429FA1F573F60002869B8 /* Release */,
			);
			defaultConfigurationIsVisible = 0;
			defaultConfigurationName = Release;
		};
/* End XCConfigurationList section */
	};
	rootObject = FC1429DE1F573F60002869B8 /* Project object */;
}
